{
	"name": "vuewordcloud",
	"version": "17.9.24",
	"lockfileVersion": 1,
	"requires": true,
	"dependencies": {
		"vue": {
			"version": "2.4.4",
			"resolved": "https://registry.npmjs.org/vue/-/vue-2.4.4.tgz",
			"integrity": "sha512-PCiRmc8ZT1DD5+BN8QUAmnkBefcCLfZVSuhc1u7iu5JoPrSHyyk/+4nehm7k2xVMi8+RFLk5WIHAN14UKF0txw=="
		}
	}
}
